PODS:
  - Flutter (1.0.0)
  - saver_gallery (0.0.1):
    - Flutter

DEPENDENCIES:
  - Flutter (from `Flutter`)
  - saver_gallery (from `.symlinks/plugins/saver_gallery/ios`)

EXTERNAL SOURCES:
  Flutter:
    :path: Flutter
  saver_gallery:
    :path: ".symlinks/plugins/saver_gallery/ios"

SPEC CHECKSUMS:
  Flutter: cabc95a1d2626b1b06e7179b784ebcf0c0cde467
  saver_gallery: c5ace923bbca25bcb925ad9be8847f9dfdd2f36b

PODFILE CHECKSUM: 989d2fa20c62e14819e4da643fb18f301c0d14ff

COCOAPODS: 1.16.2
